
Microsoft Visual Studio Solution File, Format Version 12.00
# Visual Studio Version 17
VisualStudioVersion = 17.1.32228.430
MinimumVisualStudioVersion = 10.0.40219.1
Project("{FAE04EC0-301F-11D3-BF4B-00C04F79EFBC}") = "Crmspecialcustomer", "Crmspecialcustomer\Crmspecialcustomer.csproj", "{9A74444D-A20C-41A2-BAE8-96E232F23A59}"
EndProject
Project("{2150E333-8FDC-42A3-9474-1A3956D46DE8}") = "Crm.Area", "Crm.Area", "{E3D69387-A75E-416F-92D7-D5D0C9BB3728}"
EndProject
Project("{FAE04EC0-301F-11D3-BF4B-00C04F79EFBC}") = "Area.Domain", "Area.Domain\Area.Domain.csproj", "{59B302E1-FF9F-42F2-9505-3FE7447F6122}"
EndProject
Project("{FAE04EC0-301F-11D3-BF4B-00C04F79EFBC}") = "Area.Infrastructure", "Area.Infrastructure\Area.Infrastructure.csproj", "{35D52B78-A9E1-404D-917E-DB75FAD0AA84}"
EndProject
Project("{FAE04EC0-301F-11D3-BF4B-00C04F79EFBC}") = "Area.Configuration", "Area.Configuration\Area.Configuration.csproj", "{BEAE0C75-1E69-4145-B036-55F397542583}"
EndProject
Project("{FAE04EC0-301F-11D3-BF4B-00C04F79EFBC}") = "Area.Application", "Area.Application\Area.Application.csproj", "{FC3FA98B-3D4B-4205-A5CA-91CDE0F15131}"
EndProject
Project("{2150E333-8FDC-42A3-9474-1A3956D46DE8}") = "Crm.Service", "Crm.Service", "{B05CEC33-2B3E-4926-9CA9-6187365CDC30}"
EndProject
Project("{FAE04EC0-301F-11D3-BF4B-00C04F79EFBC}") = "Service.Domain", "Service.Domain\Service.Domain.csproj", "{C029B683-0931-40E5-A81B-3588DF8E9DE9}"
EndProject
Project("{FAE04EC0-301F-11D3-BF4B-00C04F79EFBC}") = "Service.Infrastructure", "Service.Infrastructure\Service.Infrastructure.csproj", "{BB62C052-693F-48C5-85F1-09166B46A215}"
EndProject
Project("{FAE04EC0-301F-11D3-BF4B-00C04F79EFBC}") = "Service.Application", "Service.Application\Service.Application.csproj", "{5DF24E70-BB79-4019-A983-1200C2585E89}"
EndProject
Project("{FAE04EC0-301F-11D3-BF4B-00C04F79EFBC}") = "Service.Configuration", "Service.Configuration\Service.Configuration.csproj", "{40D36B7C-32E7-4CE8-A7C2-05D670F13F3D}"
EndProject
Project("{2150E333-8FDC-42A3-9474-1A3956D46DE8}") = "Crm.Order", "Crm.Order", "{3B1C8245-4329-4FE3-B97F-03316AD861C3}"
EndProject
Project("{FAE04EC0-301F-11D3-BF4B-00C04F79EFBC}") = "Order.Domain", "Order.Domain\Order.Domain.csproj", "{5699BA83-BDA4-407C-9FDD-EBD892ED189B}"
EndProject
Project("{FAE04EC0-301F-11D3-BF4B-00C04F79EFBC}") = "Order.Infrastructure", "Order.Infrastructure\Order.Infrastructure.csproj", "{3A44F7CC-EB8D-412B-B97C-142079834F04}"
EndProject
Project("{FAE04EC0-301F-11D3-BF4B-00C04F79EFBC}") = "Order.Application", "Order.Application\Order.Application.csproj", "{8600AEFE-AE45-4139-8DCF-5259FE7A3A1B}"
EndProject
Project("{FAE04EC0-301F-11D3-BF4B-00C04F79EFBC}") = "Order.Configuration", "Order.Configuration\Order.Configuration.csproj", "{577DFD29-4914-4634-A6FC-0ABCDAF635ED}"
EndProject
Project("{2150E333-8FDC-42A3-9474-1A3956D46DE8}") = "Crm.Request", "Crm.Request", "{D8D20CC5-D526-40EF-8EA6-FDF5407E3B4A}"
EndProject
Project("{FAE04EC0-301F-11D3-BF4B-00C04F79EFBC}") = "Request.Domain", "Request.Domain\Request.Domain.csproj", "{C07A5165-3A72-4AA5-A9C2-8229045E05B6}"
EndProject
Project("{FAE04EC0-301F-11D3-BF4B-00C04F79EFBC}") = "Request.Infrastructure", "Request.Infrastructure\Request.Infrastructure.csproj", "{4FC55C68-3A0B-46D3-B1B0-1B67B00908C6}"
EndProject
Project("{FAE04EC0-301F-11D3-BF4B-00C04F79EFBC}") = "Request.Application", "Request.Application\Request.Application.csproj", "{84F0D66E-08F1-4073-B6E7-AFEB925CED19}"
EndProject
Project("{FAE04EC0-301F-11D3-BF4B-00C04F79EFBC}") = "Request.Configuration", "Request.Configuration\Request.Configuration.csproj", "{E3E9A0BB-7A65-40F2-B842-DEDC87D73829}"
EndProject
Project("{2150E333-8FDC-42A3-9474-1A3956D46DE8}") = "Crm.User", "Crm.User", "{2A45A1CA-AE3A-4AF7-93DD-D282867DC3C4}"
EndProject
Project("{FAE04EC0-301F-11D3-BF4B-00C04F79EFBC}") = "User.Domain", "User.Domain\User.Domain.csproj", "{8A635B3C-5AC4-426A-AE05-213A6F6FDB76}"
EndProject
Project("{FAE04EC0-301F-11D3-BF4B-00C04F79EFBC}") = "User.Infrastructure", "User.Infrastructure\User.Infrastructure.csproj", "{F5475DD5-E9D2-473A-9A3A-EE1E6B5FB65F}"
EndProject
Project("{FAE04EC0-301F-11D3-BF4B-00C04F79EFBC}") = "User.Application", "User.Application\User.Application.csproj", "{B44D478D-754F-4D46-A9EC-18D520D90D95}"
EndProject
Project("{FAE04EC0-301F-11D3-BF4B-00C04F79EFBC}") = "User.Configuration", "User.Configuration\User.Configuration.csproj", "{68F4F57F-B33D-4A45-9AB4-19FF149803F9}"
EndProject
Global
	GlobalSection(SolutionConfigurationPlatforms) = preSolution
		Debug|Any CPU = Debug|Any CPU
		Release|Any CPU = Release|Any CPU
	EndGlobalSection
	GlobalSection(ProjectConfigurationPlatforms) = postSolution
		{9A74444D-A20C-41A2-BAE8-96E232F23A59}.Debug|Any CPU.ActiveCfg = Debug|Any CPU
		{9A74444D-A20C-41A2-BAE8-96E232F23A59}.Debug|Any CPU.Build.0 = Debug|Any CPU
		{9A74444D-A20C-41A2-BAE8-96E232F23A59}.Release|Any CPU.ActiveCfg = Release|Any CPU
		{9A74444D-A20C-41A2-BAE8-96E232F23A59}.Release|Any CPU.Build.0 = Release|Any CPU
		{59B302E1-FF9F-42F2-9505-3FE7447F6122}.Debug|Any CPU.ActiveCfg = Debug|Any CPU
		{59B302E1-FF9F-42F2-9505-3FE7447F6122}.Debug|Any CPU.Build.0 = Debug|Any CPU
		{59B302E1-FF9F-42F2-9505-3FE7447F6122}.Release|Any CPU.ActiveCfg = Release|Any CPU
		{59B302E1-FF9F-42F2-9505-3FE7447F6122}.Release|Any CPU.Build.0 = Release|Any CPU
		{35D52B78-A9E1-404D-917E-DB75FAD0AA84}.Debug|Any CPU.ActiveCfg = Debug|Any CPU
		{35D52B78-A9E1-404D-917E-DB75FAD0AA84}.Debug|Any CPU.Build.0 = Debug|Any CPU
		{35D52B78-A9E1-404D-917E-DB75FAD0AA84}.Release|Any CPU.ActiveCfg = Release|Any CPU
		{35D52B78-A9E1-404D-917E-DB75FAD0AA84}.Release|Any CPU.Build.0 = Release|Any CPU
		{BEAE0C75-1E69-4145-B036-55F397542583}.Debug|Any CPU.ActiveCfg = Debug|Any CPU
		{BEAE0C75-1E69-4145-B036-55F397542583}.Debug|Any CPU.Build.0 = Debug|Any CPU
		{BEAE0C75-1E69-4145-B036-55F397542583}.Release|Any CPU.ActiveCfg = Release|Any CPU
		{BEAE0C75-1E69-4145-B036-55F397542583}.Release|Any CPU.Build.0 = Release|Any CPU
		{FC3FA98B-3D4B-4205-A5CA-91CDE0F15131}.Debug|Any CPU.ActiveCfg = Debug|Any CPU
		{FC3FA98B-3D4B-4205-A5CA-91CDE0F15131}.Debug|Any CPU.Build.0 = Debug|Any CPU
		{FC3FA98B-3D4B-4205-A5CA-91CDE0F15131}.Release|Any CPU.ActiveCfg = Release|Any CPU
		{FC3FA98B-3D4B-4205-A5CA-91CDE0F15131}.Release|Any CPU.Build.0 = Release|Any CPU
		{C029B683-0931-40E5-A81B-3588DF8E9DE9}.Debug|Any CPU.ActiveCfg = Debug|Any CPU
		{C029B683-0931-40E5-A81B-3588DF8E9DE9}.Debug|Any CPU.Build.0 = Debug|Any CPU
		{C029B683-0931-40E5-A81B-3588DF8E9DE9}.Release|Any CPU.ActiveCfg = Release|Any CPU
		{C029B683-0931-40E5-A81B-3588DF8E9DE9}.Release|Any CPU.Build.0 = Release|Any CPU
		{BB62C052-693F-48C5-85F1-09166B46A215}.Debug|Any CPU.ActiveCfg = Debug|Any CPU
		{BB62C052-693F-48C5-85F1-09166B46A215}.Debug|Any CPU.Build.0 = Debug|Any CPU
		{BB62C052-693F-48C5-85F1-09166B46A215}.Release|Any CPU.ActiveCfg = Release|Any CPU
		{BB62C052-693F-48C5-85F1-09166B46A215}.Release|Any CPU.Build.0 = Release|Any CPU
		{5DF24E70-BB79-4019-A983-1200C2585E89}.Debug|Any CPU.ActiveCfg = Debug|Any CPU
		{5DF24E70-BB79-4019-A983-1200C2585E89}.Debug|Any CPU.Build.0 = Debug|Any CPU
		{5DF24E70-BB79-4019-A983-1200C2585E89}.Release|Any CPU.ActiveCfg = Release|Any CPU
		{5DF24E70-BB79-4019-A983-1200C2585E89}.Release|Any CPU.Build.0 = Release|Any CPU
		{40D36B7C-32E7-4CE8-A7C2-05D670F13F3D}.Debug|Any CPU.ActiveCfg = Debug|Any CPU
		{40D36B7C-32E7-4CE8-A7C2-05D670F13F3D}.Debug|Any CPU.Build.0 = Debug|Any CPU
		{40D36B7C-32E7-4CE8-A7C2-05D670F13F3D}.Release|Any CPU.ActiveCfg = Release|Any CPU
		{40D36B7C-32E7-4CE8-A7C2-05D670F13F3D}.Release|Any CPU.Build.0 = Release|Any CPU
		{5699BA83-BDA4-407C-9FDD-EBD892ED189B}.Debug|Any CPU.ActiveCfg = Debug|Any CPU
		{5699BA83-BDA4-407C-9FDD-EBD892ED189B}.Debug|Any CPU.Build.0 = Debug|Any CPU
		{5699BA83-BDA4-407C-9FDD-EBD892ED189B}.Release|Any CPU.ActiveCfg = Release|Any CPU
		{5699BA83-BDA4-407C-9FDD-EBD892ED189B}.Release|Any CPU.Build.0 = Release|Any CPU
		{3A44F7CC-EB8D-412B-B97C-142079834F04}.Debug|Any CPU.ActiveCfg = Debug|Any CPU
		{3A44F7CC-EB8D-412B-B97C-142079834F04}.Debug|Any CPU.Build.0 = Debug|Any CPU
		{3A44F7CC-EB8D-412B-B97C-142079834F04}.Release|Any CPU.ActiveCfg = Release|Any CPU
		{3A44F7CC-EB8D-412B-B97C-142079834F04}.Release|Any CPU.Build.0 = Release|Any CPU
		{8600AEFE-AE45-4139-8DCF-5259FE7A3A1B}.Debug|Any CPU.ActiveCfg = Debug|Any CPU
		{8600AEFE-AE45-4139-8DCF-5259FE7A3A1B}.Debug|Any CPU.Build.0 = Debug|Any CPU
		{8600AEFE-AE45-4139-8DCF-5259FE7A3A1B}.Release|Any CPU.ActiveCfg = Release|Any CPU
		{8600AEFE-AE45-4139-8DCF-5259FE7A3A1B}.Release|Any CPU.Build.0 = Release|Any CPU
		{577DFD29-4914-4634-A6FC-0ABCDAF635ED}.Debug|Any CPU.ActiveCfg = Debug|Any CPU
		{577DFD29-4914-4634-A6FC-0ABCDAF635ED}.Debug|Any CPU.Build.0 = Debug|Any CPU
		{577DFD29-4914-4634-A6FC-0ABCDAF635ED}.Release|Any CPU.ActiveCfg = Release|Any CPU
		{577DFD29-4914-4634-A6FC-0ABCDAF635ED}.Release|Any CPU.Build.0 = Release|Any CPU
		{C07A5165-3A72-4AA5-A9C2-8229045E05B6}.Debug|Any CPU.ActiveCfg = Debug|Any CPU
		{C07A5165-3A72-4AA5-A9C2-8229045E05B6}.Debug|Any CPU.Build.0 = Debug|Any CPU
		{C07A5165-3A72-4AA5-A9C2-8229045E05B6}.Release|Any CPU.ActiveCfg = Release|Any CPU
		{C07A5165-3A72-4AA5-A9C2-8229045E05B6}.Release|Any CPU.Build.0 = Release|Any CPU
		{4FC55C68-3A0B-46D3-B1B0-1B67B00908C6}.Debug|Any CPU.ActiveCfg = Debug|Any CPU
		{4FC55C68-3A0B-46D3-B1B0-1B67B00908C6}.Debug|Any CPU.Build.0 = Debug|Any CPU
		{4FC55C68-3A0B-46D3-B1B0-1B67B00908C6}.Release|Any CPU.ActiveCfg = Release|Any CPU
		{4FC55C68-3A0B-46D3-B1B0-1B67B00908C6}.Release|Any CPU.Build.0 = Release|Any CPU
		{84F0D66E-08F1-4073-B6E7-AFEB925CED19}.Debug|Any CPU.ActiveCfg = Debug|Any CPU
		{84F0D66E-08F1-4073-B6E7-AFEB925CED19}.Debug|Any CPU.Build.0 = Debug|Any CPU
		{84F0D66E-08F1-4073-B6E7-AFEB925CED19}.Release|Any CPU.ActiveCfg = Release|Any CPU
		{84F0D66E-08F1-4073-B6E7-AFEB925CED19}.Release|Any CPU.Build.0 = Release|Any CPU
		{E3E9A0BB-7A65-40F2-B842-DEDC87D73829}.Debug|Any CPU.ActiveCfg = Debug|Any CPU
		{E3E9A0BB-7A65-40F2-B842-DEDC87D73829}.Debug|Any CPU.Build.0 = Debug|Any CPU
		{E3E9A0BB-7A65-40F2-B842-DEDC87D73829}.Release|Any CPU.ActiveCfg = Release|Any CPU
		{E3E9A0BB-7A65-40F2-B842-DEDC87D73829}.Release|Any CPU.Build.0 = Release|Any CPU
		{8A635B3C-5AC4-426A-AE05-213A6F6FDB76}.Debug|Any CPU.ActiveCfg = Debug|Any CPU
		{8A635B3C-5AC4-426A-AE05-213A6F6FDB76}.Debug|Any CPU.Build.0 = Debug|Any CPU
		{8A635B3C-5AC4-426A-AE05-213A6F6FDB76}.Release|Any CPU.ActiveCfg = Release|Any CPU
		{8A635B3C-5AC4-426A-AE05-213A6F6FDB76}.Release|Any CPU.Build.0 = Release|Any CPU
		{F5475DD5-E9D2-473A-9A3A-EE1E6B5FB65F}.Debug|Any CPU.ActiveCfg = Debug|Any CPU
		{F5475DD5-E9D2-473A-9A3A-EE1E6B5FB65F}.Debug|Any CPU.Build.0 = Debug|Any CPU
		{F5475DD5-E9D2-473A-9A3A-EE1E6B5FB65F}.Release|Any CPU.ActiveCfg = Release|Any CPU
		{F5475DD5-E9D2-473A-9A3A-EE1E6B5FB65F}.Release|Any CPU.Build.0 = Release|Any CPU
		{B44D478D-754F-4D46-A9EC-18D520D90D95}.Debug|Any CPU.ActiveCfg = Debug|Any CPU
		{B44D478D-754F-4D46-A9EC-18D520D90D95}.Debug|Any CPU.Build.0 = Debug|Any CPU
		{B44D478D-754F-4D46-A9EC-18D520D90D95}.Release|Any CPU.ActiveCfg = Release|Any CPU
		{B44D478D-754F-4D46-A9EC-18D520D90D95}.Release|Any CPU.Build.0 = Release|Any CPU
		{68F4F57F-B33D-4A45-9AB4-19FF149803F9}.Debug|Any CPU.ActiveCfg = Debug|Any CPU
		{68F4F57F-B33D-4A45-9AB4-19FF149803F9}.Debug|Any CPU.Build.0 = Debug|Any CPU
		{68F4F57F-B33D-4A45-9AB4-19FF149803F9}.Release|Any CPU.ActiveCfg = Release|Any CPU
		{68F4F57F-B33D-4A45-9AB4-19FF149803F9}.Release|Any CPU.Build.0 = Release|Any CPU
	EndGlobalSection
	GlobalSection(SolutionProperties) = preSolution
		HideSolutionNode = FALSE
	EndGlobalSection
	GlobalSection(NestedProjects) = preSolution
		{59B302E1-FF9F-42F2-9505-3FE7447F6122} = {E3D69387-A75E-416F-92D7-D5D0C9BB3728}
		{35D52B78-A9E1-404D-917E-DB75FAD0AA84} = {E3D69387-A75E-416F-92D7-D5D0C9BB3728}
		{BEAE0C75-1E69-4145-B036-55F397542583} = {E3D69387-A75E-416F-92D7-D5D0C9BB3728}
		{FC3FA98B-3D4B-4205-A5CA-91CDE0F15131} = {E3D69387-A75E-416F-92D7-D5D0C9BB3728}
		{C029B683-0931-40E5-A81B-3588DF8E9DE9} = {B05CEC33-2B3E-4926-9CA9-6187365CDC30}
		{BB62C052-693F-48C5-85F1-09166B46A215} = {B05CEC33-2B3E-4926-9CA9-6187365CDC30}
		{5DF24E70-BB79-4019-A983-1200C2585E89} = {B05CEC33-2B3E-4926-9CA9-6187365CDC30}
		{40D36B7C-32E7-4CE8-A7C2-05D670F13F3D} = {B05CEC33-2B3E-4926-9CA9-6187365CDC30}
		{5699BA83-BDA4-407C-9FDD-EBD892ED189B} = {3B1C8245-4329-4FE3-B97F-03316AD861C3}
		{3A44F7CC-EB8D-412B-B97C-142079834F04} = {3B1C8245-4329-4FE3-B97F-03316AD861C3}
		{8600AEFE-AE45-4139-8DCF-5259FE7A3A1B} = {3B1C8245-4329-4FE3-B97F-03316AD861C3}
		{577DFD29-4914-4634-A6FC-0ABCDAF635ED} = {3B1C8245-4329-4FE3-B97F-03316AD861C3}
		{C07A5165-3A72-4AA5-A9C2-8229045E05B6} = {D8D20CC5-D526-40EF-8EA6-FDF5407E3B4A}
		{4FC55C68-3A0B-46D3-B1B0-1B67B00908C6} = {D8D20CC5-D526-40EF-8EA6-FDF5407E3B4A}
		{84F0D66E-08F1-4073-B6E7-AFEB925CED19} = {D8D20CC5-D526-40EF-8EA6-FDF5407E3B4A}
		{E3E9A0BB-7A65-40F2-B842-DEDC87D73829} = {D8D20CC5-D526-40EF-8EA6-FDF5407E3B4A}
		{8A635B3C-5AC4-426A-AE05-213A6F6FDB76} = {2A45A1CA-AE3A-4AF7-93DD-D282867DC3C4}
		{F5475DD5-E9D2-473A-9A3A-EE1E6B5FB65F} = {2A45A1CA-AE3A-4AF7-93DD-D282867DC3C4}
		{B44D478D-754F-4D46-A9EC-18D520D90D95} = {2A45A1CA-AE3A-4AF7-93DD-D282867DC3C4}
		{68F4F57F-B33D-4A45-9AB4-19FF149803F9} = {2A45A1CA-AE3A-4AF7-93DD-D282867DC3C4}
	EndGlobalSection
	GlobalSection(ExtensibilityGlobals) = postSolution
		SolutionGuid = {A2BDDF03-578A-4258-8599-061455DD777A}
	EndGlobalSection
EndGlobal
